{
  "name": "chrome-extension",
  "lockfileVersion": 2,
  "requires": true,
  "packages": {
    "": {
      "license": "MIT",
      "dependencies": {
        "@simplepdf/web-embed-pdf": "^1.8.4"
      },
      "devDependencies": {
        "prettier": "^3.3.3"
      }
    },
    "node_modules/@simplepdf/web-embed-pdf": {
      "version": "1.8.4",
      "resolved": "https://registry.npmjs.org/@simplepdf/web-embed-pdf/-/web-embed-pdf-1.8.4.tgz",
      "integrity": "sha512-W7iTEMEi7fxvMEniwAY36YgY3lNtl8YEjSZFA2XcB/hlrwvgxy0tEs4JG3GS0jJE4d/NI5lcnrlu55+nzysdJg=="
    },
    "node_modules/prettier": {
      "version": "3.3.3",
      "resolved": "https://registry.npmjs.org/prettier/-/prettier-3.3.3.tgz",
      "integrity": "sha512-i2tDNA0O5IrMO757lfrdQZCc2jPNDVntV0m/+4whiDfWaTKfMNgR7Qz0NAeGz/nRqF4m5/6CLzbP4/liHt12Ew==",
      "dev": true,
      "bin": {
        "prettier": "bin/prettier.cjs"
      },
      "engines": {
        "node": ">=14"
      },
      "funding": {
        "url": "https://github.com/prettier/prettier?sponsor=1"
      }
    }
  },
  "dependencies": {
    "@simplepdf/web-embed-pdf": {
      "version": "1.8.4",
      "resolved": "https://registry.npmjs.org/@simplepdf/web-embed-pdf/-/web-embed-pdf-1.8.4.tgz",
      "integrity": "sha512-W7iTEMEi7fxvMEniwAY36YgY3lNtl8YEjSZFA2XcB/hlrwvgxy0tEs4JG3GS0jJE4d/NI5lcnrlu55+nzysdJg=="
    },
    "prettier": {
      "version": "3.3.3",
      "resolved": "https://registry.npmjs.org/prettier/-/prettier-3.3.3.tgz",
      "integrity": "sha512-i2tDNA0O5IrMO757lfrdQZCc2jPNDVntV0m/+4whiDfWaTKfMNgR7Qz0NAeGz/nRqF4m5/6CLzbP4/liHt12Ew==",
      "dev": true
    }
  }
}
