{
  "name": "chrome-extension",
  "lockfileVersion": 2,
  "requires": true,
  "packages": {
    "": {
      "dependencies": {
        "@simplepdf/web-embed-pdf": "^1.2.3"
      }
    },
    "node_modules/@simplepdf/web-embed-pdf": {
      "version": "1.2.3",
      "resolved": "https://registry.npmjs.org/@simplepdf/web-embed-pdf/-/web-embed-pdf-1.2.3.tgz",
      "integrity": "sha512-C6uL44li9j04QYKjY1dybYBgNU+5d3eMelbUdm0iGFe/7p1nhurrRxgYU+BKi54dmu8dEhc9/u4CnR2hmNzRjw=="
    }
  },
  "dependencies": {
    "@simplepdf/web-embed-pdf": {
      "version": "1.2.3",
      "resolved": "https://registry.npmjs.org/@simplepdf/web-embed-pdf/-/web-embed-pdf-1.2.3.tgz",
      "integrity": "sha512-C6uL44li9j04QYKjY1dybYBgNU+5d3eMelbUdm0iGFe/7p1nhurrRxgYU+BKi54dmu8dEhc9/u4CnR2hmNzRjw=="
    }
  }
}
