# THIS IS AN AUTOGENERATED FILE. DO NOT EDIT THIS FILE DIRECTLY.
# yarn lockfile v1


"@simplepdf/web-embed-pdf@^1.2.3":
  "integrity" "sha512-C6uL44li9j04QYKjY1dybYBgNU+5d3eMelbUdm0iGFe/7p1nhurrRxgYU+BKi54dmu8dEhc9/u4CnR2hmNzRjw=="
  "resolved" "https://registry.npmjs.org/@simplepdf/web-embed-pdf/-/web-embed-pdf-1.2.3.tgz"
  "version" "1.2.3"
