{
  "name": "wordpress",
  "lockfileVersion": 3,
  "requires": true,
  "packages": {
    "": {
      "dependencies": {
        "@simplepdf/web-embed-pdf": "^1.7.0"
      }
    },
    "node_modules/@simplepdf/web-embed-pdf": {
      "version": "1.7.0",
      "resolved": "https://registry.npmjs.org/@simplepdf/web-embed-pdf/-/web-embed-pdf-1.7.0.tgz",
      "integrity": "sha512-IUWRH41apwuqyeDQViS3hSVvEWLwtMVtlpbvgdglehCbeCoYM4wmDPiggEo3e0u5L97mykZdupqd2nGCSUoArA=="
    }
  }
}
