{
  "name": "wordpress",
  "lockfileVersion": 3,
  "requires": true,
  "packages": {
    "": {
      "dependencies": {
        "@simplepdf/web-embed-pdf": "^1.6.3"
      }
    },
    "node_modules/@simplepdf/web-embed-pdf": {
      "version": "1.6.3",
      "resolved": "https://registry.npmjs.org/@simplepdf/web-embed-pdf/-/web-embed-pdf-1.6.3.tgz",
      "integrity": "sha512-2bw0WwlV0Md3LZR8rVCzLyslm03yc9n0uWukp/leVi3g4FVqXAh1N8HCPrt1Lef/CKMm8HB5poUOU267XwIHfw=="
    }
  }
}
