{
  "name": "wordpress",
  "lockfileVersion": 3,
  "requires": true,
  "packages": {
    "": {
      "dependencies": {
        "@simplepdf/web-embed-pdf": "1.9.0"
      }
    },
    "node_modules/@simplepdf/embed": {
      "version": "0.7.0",
      "resolved": "https://registry.npmjs.org/@simplepdf/embed/-/embed-0.7.0.tgz",
      "integrity": "sha512-iKmJpBhz59MRkseZF9ElevnLHw8bH3nJWcsjJauZTapOkKD5daFAXpbkohq4/0uGmAgfSUpbQCu9woszOcGKPg==",
      "license": "MIT",
      "engines": {
        "node": ">=18"
      },
      "peerDependencies": {
        "@tanstack/ai": "^0.38.0",
        "zod": "^4.0.0"
      },
      "peerDependenciesMeta": {
        "@tanstack/ai": {
          "optional": true
        },
        "zod": {
          "optional": true
        }
      }
    },
    "node_modules/@simplepdf/web-embed-pdf": {
      "version": "1.9.0",
      "resolved": "https://registry.npmjs.org/@simplepdf/web-embed-pdf/-/web-embed-pdf-1.9.0.tgz",
      "integrity": "sha512-FYOQnKElotHxKVCrfLs3jLpHPfjOrYu2MrhYpcCaFl6IJ8+HjrOJSqauWeoM4yooojCEWgs5e25bSEkqJlY0nA==",
      "license": "MIT",
      "dependencies": {
        "@simplepdf/embed": "0.7.0"
      }
    }
  }
}
